// !$*UTF8*$!
{
	archiveVersion = 1;
	classes = {
	};
	objectVersion = 50;
	objects = {

/* Begin PBXBuildFile section */
		CF084BEC258F968E007A93B4 /* LocationListViewModel.swift in Sources */ = {isa = PBXBuildFile; fileRef = CF084BEB258F968E007A93B4 /* LocationListViewModel.swift */; };
		CF084BEF258F9913007A93B4 /* LocationListView+State.swift in Sources */ = {isa = PBXBuildFile; fileRef = CF084BEE258F9913007A93B4 /* LocationListView+State.swift */; };
		CF084BF3258F9D45007A93B4 /* LocationForecastView.swift in Sources */ = {isa = PBXBuildFile; fileRef = CF084BF2258F9D45007A93B4 /* LocationForecastView.swift */; };
		CF084BF6258F9D88007A93B4 /* LocationForecastViewModel.swift in Sources */ = {isa = PBXBuildFile; fileRef = CF084BF5258F9D88007A93B4 /* LocationForecastViewModel.swift */; };
		CF084BFA258FA09F007A93B4 /* Location.swift in Sources */ = {isa = PBXBuildFile; fileRef = CF084BF9258FA09F007A93B4 /* Location.swift */; };
		CF084BFD258FA2FB007A93B4 /* LocationListModel.swift in Sources */ = {isa = PBXBuildFile; fileRef = CF084BFC258FA2FB007A93B4 /* LocationListModel.swift */; };
		CF084C00258FAE3E007A93B4 /* LocationListBuilder.swift in Sources */ = {isa = PBXBuildFile; fileRef = CF084BFF258FAE3E007A93B4 /* LocationListBuilder.swift */; };
		CF084C04258FB63D007A93B4 /* LocationForecastBuilder.swift in Sources */ = {isa = PBXBuildFile; fileRef = CF084C03258FB63D007A93B4 /* LocationForecastBuilder.swift */; };
		CF084C0A258FC0CE007A93B4 /* MainScreenBuilder.swift in Sources */ = {isa = PBXBuildFile; fileRef = CF084C09258FC0CE007A93B4 /* MainScreenBuilder.swift */; };
		CF084C0E258FD14B007A93B4 /* NavigationLazyView.swift in Sources */ = {isa = PBXBuildFile; fileRef = CF084C0D258FD14B007A93B4 /* NavigationLazyView.swift */; };
		CF084C14258FDFBA007A93B4 /* Publisher+assignNoRetain.swift in Sources */ = {isa = PBXBuildFile; fileRef = CF084C13258FDFBA007A93B4 /* Publisher+assignNoRetain.swift */; };
		CF084C1A258FE33B007A93B4 /* NetworkClient.swift in Sources */ = {isa = PBXBuildFile; fileRef = CF084C19258FE33B007A93B4 /* NetworkClient.swift */; };
		CF084C21258FE63B007A93B4 /* OpenWeatherAPI.swift in Sources */ = {isa = PBXBuildFile; fileRef = CF084C20258FE63B007A93B4 /* OpenWeatherAPI.swift */; };
		CF084C26258FF613007A93B4 /* LocationForecastView+State.swift in Sources */ = {isa = PBXBuildFile; fileRef = CF084C25258FF613007A93B4 /* LocationForecastView+State.swift */; };
		CF084C29258FF6A0007A93B4 /* LocationForecastModel.swift in Sources */ = {isa = PBXBuildFile; fileRef = CF084C28258FF6A0007A93B4 /* LocationForecastModel.swift */; };
		CF084C2E259251DA007A93B4 /* OpenWeatherClient.swift in Sources */ = {isa = PBXBuildFile; fileRef = CF084C2D259251DA007A93B4 /* OpenWeatherClient.swift */; };
		CF084C3125925379007A93B4 /* OpenWeatherClient+Weather.swift in Sources */ = {isa = PBXBuildFile; fileRef = CF084C3025925379007A93B4 /* OpenWeatherClient+Weather.swift */; };
		CF084C3625926018007A93B4 /* Units.swift in Sources */ = {isa = PBXBuildFile; fileRef = CF084C3525926018007A93B4 /* Units.swift */; };
		CF084C392594C0E3007A93B4 /* OSLog+categories.swift in Sources */ = {isa = PBXBuildFile; fileRef = CF084C382594C0E3007A93B4 /* OSLog+categories.swift */; };
		CF084C3E2594E235007A93B4 /* ErrorView.swift in Sources */ = {isa = PBXBuildFile; fileRef = CF084C3D2594E235007A93B4 /* ErrorView.swift */; };
		CF084C452594EFB8007A93B4 /* LocationPickerView.swift in Sources */ = {isa = PBXBuildFile; fileRef = CF084C442594EFB8007A93B4 /* LocationPickerView.swift */; };
		CF084C492594F105007A93B4 /* LocationPickerView+State.swift in Sources */ = {isa = PBXBuildFile; fileRef = CF084C482594F105007A93B4 /* LocationPickerView+State.swift */; };
		CF084C512594F678007A93B4 /* LocationPickerViewModel.swift in Sources */ = {isa = PBXBuildFile; fileRef = CF084C502594F678007A93B4 /* LocationPickerViewModel.swift */; };
		CF52B503258F960D009C186C /* LocationListView.swift in Sources */ = {isa = PBXBuildFile; fileRef = CF52B502258F960D009C186C /* LocationListView.swift */; };
		CF8828B32595062500CC30A3 /* AppDelegate.swift in Sources */ = {isa = PBXBuildFile; fileRef = CF8828B22595062500CC30A3 /* AppDelegate.swift */; };
		CF8828B52595062500CC30A3 /* SceneDelegate.swift in Sources */ = {isa = PBXBuildFile; fileRef = CF8828B42595062500CC30A3 /* SceneDelegate.swift */; };
		CF8828B92595062600CC30A3 /* Assets.xcassets in Resources */ = {isa = PBXBuildFile; fileRef = CF8828B82595062600CC30A3 /* Assets.xcassets */; };
		CF8828BC2595062600CC30A3 /* Preview Assets.xcassets in Resources */ = {isa = PBXBuildFile; fileRef = CF8828BB2595062600CC30A3 /* Preview Assets.xcassets */; };
		CF8828BF2595062600CC30A3 /* LaunchScreen.storyboard in Resources */ = {isa = PBXBuildFile; fileRef = CF8828BD2595062600CC30A3 /* LaunchScreen.storyboard */; };
		CF8828CC25950C6A00CC30A3 /* ActivityIndicator.swift in Sources */ = {isa = PBXBuildFile; fileRef = CF8828CB25950C6A00CC30A3 /* ActivityIndicator.swift */; };
		CF8828D1259512E900CC30A3 /* MapView.swift in Sources */ = {isa = PBXBuildFile; fileRef = CF8828D0259512E900CC30A3 /* MapView.swift */; };
		CF8828D425951F8800CC30A3 /* LocationPickerBuilder.swift in Sources */ = {isa = PBXBuildFile; fileRef = CF8828D325951F8800CC30A3 /* LocationPickerBuilder.swift */; };
		CF8828D825968DC900CC30A3 /* CLLocationCoordinate2D+Equatable.swift in Sources */ = {isa = PBXBuildFile; fileRef = CF8828D725968DC700CC30A3 /* CLLocationCoordinate2D+Equatable.swift */; };
/* End PBXBuildFile section */

/* Begin PBXFileReference section */
		CF084BEB258F968E007A93B4 /* LocationListViewModel.swift */ = {isa = PBXFileReference; lastKnownFileType = sourcecode.swift; path = LocationListViewModel.swift; sourceTree = "<group>"; };
		CF084BEE258F9913007A93B4 /* LocationListView+State.swift */ = {isa = PBXFileReference; lastKnownFileType = sourcecode.swift; path = "LocationListView+State.swift"; sourceTree = "<group>"; };
		CF084BF2258F9D45007A93B4 /* LocationForecastView.swift */ = {isa = PBXFileReference; lastKnownFileType = sourcecode.swift; path = LocationForecastView.swift; sourceTree = "<group>"; };
		CF084BF5258F9D88007A93B4 /* LocationForecastViewModel.swift */ = {isa = PBXFileReference; lastKnownFileType = sourcecode.swift; path = LocationForecastViewModel.swift; sourceTree = "<group>"; };
		CF084BF9258FA09F007A93B4 /* Location.swift */ = {isa = PBXFileReference; lastKnownFileType = sourcecode.swift; path = Location.swift; sourceTree = "<group>"; };
		CF084BFC258FA2FB007A93B4 /* LocationListModel.swift */ = {isa = PBXFileReference; lastKnownFileType = sourcecode.swift; path = LocationListModel.swift; sourceTree = "<group>"; };
		CF084BFF258FAE3E007A93B4 /* LocationListBuilder.swift */ = {isa = PBXFileReference; lastKnownFileType = sourcecode.swift; path = LocationListBuilder.swift; sourceTree = "<group>"; };
		CF084C03258FB63D007A93B4 /* LocationForecastBuilder.swift */ = {isa = PBXFileReference; lastKnownFileType = sourcecode.swift; path = LocationForecastBuilder.swift; sourceTree = "<group>"; };
		CF084C09258FC0CE007A93B4 /* MainScreenBuilder.swift */ = {isa = PBXFileReference; lastKnownFileType = sourcecode.swift; path = MainScreenBuilder.swift; sourceTree = "<group>"; };
		CF084C0D258FD14B007A93B4 /* NavigationLazyView.swift */ = {isa = PBXFileReference; lastKnownFileType = sourcecode.swift; path = NavigationLazyView.swift; sourceTree = "<group>"; };
		CF084C13258FDFBA007A93B4 /* Publisher+assignNoRetain.swift */ = {isa = PBXFileReference; fileEncoding = 4; lastKnownFileType = sourcecode.swift; path = "Publisher+assignNoRetain.swift"; sourceTree = "<group>"; };
		CF084C19258FE33B007A93B4 /* NetworkClient.swift */ = {isa = PBXFileReference; fileEncoding = 4; lastKnownFileType = sourcecode.swift; path = NetworkClient.swift; sourceTree = "<group>"; };
		CF084C20258FE63B007A93B4 /* OpenWeatherAPI.swift */ = {isa = PBXFileReference; fileEncoding = 4; lastKnownFileType = sourcecode.swift; path = OpenWeatherAPI.swift; sourceTree = "<group>"; };
		CF084C25258FF613007A93B4 /* LocationForecastView+State.swift */ = {isa = PBXFileReference; lastKnownFileType = sourcecode.swift; path = "LocationForecastView+State.swift"; sourceTree = "<group>"; };
		CF084C28258FF6A0007A93B4 /* LocationForecastModel.swift */ = {isa = PBXFileReference; lastKnownFileType = sourcecode.swift; path = LocationForecastModel.swift; sourceTree = "<group>"; };
		CF084C2D259251DA007A93B4 /* OpenWeatherClient.swift */ = {isa = PBXFileReference; lastKnownFileType = sourcecode.swift; path = OpenWeatherClient.swift; sourceTree = "<group>"; };
		CF084C3025925379007A93B4 /* OpenWeatherClient+Weather.swift */ = {isa = PBXFileReference; lastKnownFileType = sourcecode.swift; path = "OpenWeatherClient+Weather.swift"; sourceTree = "<group>"; };
		CF084C3525926018007A93B4 /* Units.swift */ = {isa = PBXFileReference; lastKnownFileType = sourcecode.swift; path = Units.swift; sourceTree = "<group>"; };
		CF084C382594C0E3007A93B4 /* OSLog+categories.swift */ = {isa = PBXFileReference; lastKnownFileType = sourcecode.swift; path = "OSLog+categories.swift"; sourceTree = "<group>"; };
		CF084C3D2594E235007A93B4 /* ErrorView.swift */ = {isa = PBXFileReference; lastKnownFileType = sourcecode.swift; path = ErrorView.swift; sourceTree = "<group>"; };
		CF084C442594EFB8007A93B4 /* LocationPickerView.swift */ = {isa = PBXFileReference; lastKnownFileType = sourcecode.swift; path = LocationPickerView.swift; sourceTree = "<group>"; };
		CF084C482594F105007A93B4 /* LocationPickerView+State.swift */ = {isa = PBXFileReference; lastKnownFileType = sourcecode.swift; path = "LocationPickerView+State.swift"; sourceTree = "<group>"; };
		CF084C502594F678007A93B4 /* LocationPickerViewModel.swift */ = {isa = PBXFileReference; lastKnownFileType = sourcecode.swift; path = LocationPickerViewModel.swift; sourceTree = "<group>"; };
		CF52B502258F960D009C186C /* LocationListView.swift */ = {isa = PBXFileReference; lastKnownFileType = sourcecode.swift; path = LocationListView.swift; sourceTree = "<group>"; };
		CF8828AF2595062500CC30A3 /* WeatherForecast.app */ = {isa = PBXFileReference; explicitFileType = wrapper.application; includeInIndex = 0; path = WeatherForecast.app; sourceTree = BUILT_PRODUCTS_DIR; };
		CF8828B22595062500CC30A3 /* AppDelegate.swift */ = {isa = PBXFileReference; lastKnownFileType = sourcecode.swift; path = AppDelegate.swift; sourceTree = "<group>"; };
		CF8828B42595062500CC30A3 /* SceneDelegate.swift */ = {isa = PBXFileReference; lastKnownFileType = sourcecode.swift; path = SceneDelegate.swift; sourceTree = "<group>"; };
		CF8828B82595062600CC30A3 /* Assets.xcassets */ = {isa = PBXFileReference; lastKnownFileType = folder.assetcatalog; path = Assets.xcassets; sourceTree = "<group>"; };
		CF8828BB2595062600CC30A3 /* Preview Assets.xcassets */ = {isa = PBXFileReference; lastKnownFileType = folder.assetcatalog; path = "Preview Assets.xcassets"; sourceTree = "<group>"; };
		CF8828BE2595062600CC30A3 /* Base */ = {isa = PBXFileReference; lastKnownFileType = file.storyboard; name = Base; path = Base.lproj/LaunchScreen.storyboard; sourceTree = "<group>"; };
		CF8828C02595062600CC30A3 /* Info.plist */ = {isa = PBXFileReference; lastKnownFileType = text.plist.xml; path = Info.plist; sourceTree = "<group>"; };
		CF8828CB25950C6A00CC30A3 /* ActivityIndicator.swift */ = {isa = PBXFileReference; lastKnownFileType = sourcecode.swift; path = ActivityIndicator.swift; sourceTree = "<group>"; };
		CF8828D0259512E900CC30A3 /* MapView.swift */ = {isa = PBXFileReference; lastKnownFileType = sourcecode.swift; path = MapView.swift; sourceTree = "<group>"; };
		CF8828D325951F8800CC30A3 /* LocationPickerBuilder.swift */ = {isa = PBXFileReference; lastKnownFileType = sourcecode.swift; path = LocationPickerBuilder.swift; sourceTree = "<group>"; };
		CF8828D725968DC700CC30A3 /* CLLocationCoordinate2D+Equatable.swift */ = {isa = PBXFileReference; lastKnownFileType = sourcecode.swift; path = "CLLocationCoordinate2D+Equatable.swift"; sourceTree = "<group>"; };
/* End PBXFileReference section */

/* Begin PBXFrameworksBuildPhase section */
		CF8828AC2595062500CC30A3 /* Frameworks */ = {
			isa = PBXFrameworksBuildPhase;
			buildActionMask = 2147483647;
			files = (
			);
			runOnlyForDeploymentPostprocessing = 0;
		};
/* End PBXFrameworksBuildPhase section */

/* Begin PBXGroup section */
		CF084BF1258F9D23007A93B4 /* LocationForecast */ = {
			isa = PBXGroup;
			children = (
				CF084C03258FB63D007A93B4 /* LocationForecastBuilder.swift */,
				CF084C28258FF6A0007A93B4 /* LocationForecastModel.swift */,
				CF084BF2258F9D45007A93B4 /* LocationForecastView.swift */,
				CF084C25258FF613007A93B4 /* LocationForecastView+State.swift */,
				CF084BF5258F9D88007A93B4 /* LocationForecastViewModel.swift */,
			);
			path = LocationForecast;
			sourceTree = "<group>";
		};
		CF084BF8258FA075007A93B4 /* Models */ = {
			isa = PBXGroup;
			children = (
				CF084BF9258FA09F007A93B4 /* Location.swift */,
				CF084C3525926018007A93B4 /* Units.swift */,
			);
			path = Models;
			sourceTree = "<group>";
		};
		CF084C08258FC0BE007A93B4 /* MainScreen */ = {
			isa = PBXGroup;
			children = (
				CF084C09258FC0CE007A93B4 /* MainScreenBuilder.swift */,
			);
			path = MainScreen;
			sourceTree = "<group>";
		};
		CF084C0C258FD138007A93B4 /* Tools */ = {
			isa = PBXGroup;
			children = (
				CF084C0D258FD14B007A93B4 /* NavigationLazyView.swift */,
				CF084C382594C0E3007A93B4 /* OSLog+categories.swift */,
				CF084C12258FDF98007A93B4 /* Extensions */,
			);
			path = Tools;
			sourceTree = "<group>";
		};
		CF084C12258FDF98007A93B4 /* Extensions */ = {
			isa = PBXGroup;
			children = (
				CF084C13258FDFBA007A93B4 /* Publisher+assignNoRetain.swift */,
				CF8828D725968DC700CC30A3 /* CLLocationCoordinate2D+Equatable.swift */,
			);
			path = Extensions;
			sourceTree = "<group>";
		};
		CF084C18258FE2A3007A93B4 /* Networking */ = {
			isa = PBXGroup;
			children = (
				CF084C19258FE33B007A93B4 /* NetworkClient.swift */,
				CF084C2C259251C1007A93B4 /* OpenWeatherAPI */,
			);
			path = Networking;
			sourceTree = "<group>";
		};
		CF084C2C259251C1007A93B4 /* OpenWeatherAPI */ = {
			isa = PBXGroup;
			children = (
				CF084C20258FE63B007A93B4 /* OpenWeatherAPI.swift */,
				CF084C2D259251DA007A93B4 /* OpenWeatherClient.swift */,
				CF084C3025925379007A93B4 /* OpenWeatherClient+Weather.swift */,
			);
			path = OpenWeatherAPI;
			sourceTree = "<group>";
		};
		CF084C402594E994007A93B4 /* Views */ = {
			isa = PBXGroup;
			children = (
				CF8828CB25950C6A00CC30A3 /* ActivityIndicator.swift */,
				CF084C3D2594E235007A93B4 /* ErrorView.swift */,
				CF8828D0259512E900CC30A3 /* MapView.swift */,
			);
			path = Views;
			sourceTree = "<group>";
		};
		CF084C432594EF9C007A93B4 /* LocationPicker */ = {
			isa = PBXGroup;
			children = (
				CF8828D325951F8800CC30A3 /* LocationPickerBuilder.swift */,
				CF084C442594EFB8007A93B4 /* LocationPickerView.swift */,
				CF084C482594F105007A93B4 /* LocationPickerView+State.swift */,
				CF084C502594F678007A93B4 /* LocationPickerViewModel.swift */,
			);
			path = LocationPicker;
			sourceTree = "<group>";
		};
		CF52B501258F95AF009C186C /* LocationList */ = {
			isa = PBXGroup;
			children = (
				CF084BFF258FAE3E007A93B4 /* LocationListBuilder.swift */,
				CF084BFC258FA2FB007A93B4 /* LocationListModel.swift */,
				CF52B502258F960D009C186C /* LocationListView.swift */,
				CF084BEE258F9913007A93B4 /* LocationListView+State.swift */,
				CF084BEB258F968E007A93B4 /* LocationListViewModel.swift */,
			);
			path = LocationList;
			sourceTree = "<group>";
		};
		CF52B506258F9614009C186C /* Modules */ = {
			isa = PBXGroup;
			children = (
				CF084BF1258F9D23007A93B4 /* LocationForecast */,
				CF52B501258F95AF009C186C /* LocationList */,
				CF084C432594EF9C007A93B4 /* LocationPicker */,
				CF084C08258FC0BE007A93B4 /* MainScreen */,
			);
			path = Modules;
			sourceTree = "<group>";
		};
		CF8828A62595062500CC30A3 = {
			isa = PBXGroup;
			children = (
				CF8828B12595062500CC30A3 /* WeatherForecast */,
				CF8828B02595062500CC30A3 /* Products */,
			);
			sourceTree = "<group>";
		};
		CF8828B02595062500CC30A3 /* Products */ = {
			isa = PBXGroup;
			children = (
				CF8828AF2595062500CC30A3 /* WeatherForecast.app */,
			);
			name = Products;
			sourceTree = "<group>";
		};
		CF8828B12595062500CC30A3 /* WeatherForecast */ = {
			isa = PBXGroup;
			children = (
				CF8828B22595062500CC30A3 /* AppDelegate.swift */,
				CF8828B42595062500CC30A3 /* SceneDelegate.swift */,
				CF8828B82595062600CC30A3 /* Assets.xcassets */,
				CF8828BD2595062600CC30A3 /* LaunchScreen.storyboard */,
				CF8828C02595062600CC30A3 /* Info.plist */,
				CF8828BA2595062600CC30A3 /* Preview Content */,
				CF084BF8258FA075007A93B4 /* Models */,
				CF52B506258F9614009C186C /* Modules */,
				CF084C18258FE2A3007A93B4 /* Networking */,
				CF084C0C258FD138007A93B4 /* Tools */,
				CF084C402594E994007A93B4 /* Views */,
			);
			path = WeatherForecast;
			sourceTree = "<group>";
		};
		CF8828BA2595062600CC30A3 /* Preview Content */ = {
			isa = PBXGroup;
			children = (
				CF8828BB2595062600CC30A3 /* Preview Assets.xcassets */,
			);
			path = "Preview Content";
			sourceTree = "<group>";
		};
/* End PBXGroup section */

/* Begin PBXNativeTarget section */
		CF8828AE2595062500CC30A3 /* WeatherForecast */ = {
			isa = PBXNativeTarget;
			buildConfigurationList = CF8828C32595062600CC30A3 /* Build configuration list for PBXNativeTarget "WeatherForecast" */;
			buildPhases = (
				CF8828AB2595062500CC30A3 /* Sources */,
				CF8828AC2595062500CC30A3 /* Frameworks */,
				CF8828AD2595062500CC30A3 /* Resources */,
			);
			buildRules = (
			);
			dependencies = (
			);
			name = WeatherForecast;
			productName = WeatherForecast;
			productReference = CF8828AF2595062500CC30A3 /* WeatherForecast.app */;
			productType = "com.apple.product-type.application";
		};
/* End PBXNativeTarget section */

/* Begin PBXProject section */
		CF8828A72595062500CC30A3 /* Project object */ = {
			isa = PBXProject;
			attributes = {
				LastSwiftUpdateCheck = 1220;
				LastUpgradeCheck = 1220;
				TargetAttributes = {
					CF8828AE2595062500CC30A3 = {
						CreatedOnToolsVersion = 12.2;
					};
				};
			};
			buildConfigurationList = CF8828AA2595062500CC30A3 /* Build configuration list for PBXProject "WeatherForecast" */;
			compatibilityVersion = "Xcode 9.3";
			developmentRegion = en;
			hasScannedForEncodings = 0;
			knownRegions = (
				en,
				Base,
			);
			mainGroup = CF8828A62595062500CC30A3;
			productRefGroup = CF8828B02595062500CC30A3 /* Products */;
			projectDirPath = "";
			projectRoot = "";
			targets = (
				CF8828AE2595062500CC30A3 /* WeatherForecast */,
			);
		};
/* End PBXProject section */

/* Begin PBXResourcesBuildPhase section */
		CF8828AD2595062500CC30A3 /* Resources */ = {
			isa = PBXResourcesBuildPhase;
			buildActionMask = 2147483647;
			files = (
				CF8828BF2595062600CC30A3 /* LaunchScreen.storyboard in Resources */,
				CF8828BC2595062600CC30A3 /* Preview Assets.xcassets in Resources */,
				CF8828B92595062600CC30A3 /* Assets.xcassets in Resources */,
			);
			runOnlyForDeploymentPostprocessing = 0;
		};
/* End PBXResourcesBuildPhase section */

/* Begin PBXSourcesBuildPhase section */
		CF8828AB2595062500CC30A3 /* Sources */ = {
			isa = PBXSourcesBuildPhase;
			buildActionMask = 2147483647;
			files = (
				CF8828B32595062500CC30A3 /* AppDelegate.swift in Sources */,
				CF8828B52595062500CC30A3 /* SceneDelegate.swift in Sources */,
				CF8828D825968DC900CC30A3 /* CLLocationCoordinate2D+Equatable.swift in Sources */,
				CF084BF3258F9D45007A93B4 /* LocationForecastView.swift in Sources */,
				CF52B503258F960D009C186C /* LocationListView.swift in Sources */,
				CF084C14258FDFBA007A93B4 /* Publisher+assignNoRetain.swift in Sources */,
				CF8828CC25950C6A00CC30A3 /* ActivityIndicator.swift in Sources */,
				CF084C0E258FD14B007A93B4 /* NavigationLazyView.swift in Sources */,
				CF084C26258FF613007A93B4 /* LocationForecastView+State.swift in Sources */,
				CF084C0A258FC0CE007A93B4 /* MainScreenBuilder.swift in Sources */,
				CF084BFA258FA09F007A93B4 /* Location.swift in Sources */,
				CF084C492594F105007A93B4 /* LocationPickerView+State.swift in Sources */,
				CF084C3125925379007A93B4 /* OpenWeatherClient+Weather.swift in Sources */,
				CF084C29258FF6A0007A93B4 /* LocationForecastModel.swift in Sources */,
				CF084BEF258F9913007A93B4 /* LocationListView+State.swift in Sources */,
				CF084C512594F678007A93B4 /* LocationPickerViewModel.swift in Sources */,
				CF084C21258FE63B007A93B4 /* OpenWeatherAPI.swift in Sources */,
				CF084C04258FB63D007A93B4 /* LocationForecastBuilder.swift in Sources */,
				CF084C452594EFB8007A93B4 /* LocationPickerView.swift in Sources */,
				CF084C3625926018007A93B4 /* Units.swift in Sources */,
				CF084BFD258FA2FB007A93B4 /* LocationListModel.swift in Sources */,
				CF084BEC258F968E007A93B4 /* LocationListViewModel.swift in Sources */,
				CF8828D1259512E900CC30A3 /* MapView.swift in Sources */,
				CF084C1A258FE33B007A93B4 /* NetworkClient.swift in Sources */,
				CF8828D425951F8800CC30A3 /* LocationPickerBuilder.swift in Sources */,
				CF084C2E259251DA007A93B4 /* OpenWeatherClient.swift in Sources */,
				CF084C00258FAE3E007A93B4 /* LocationListBuilder.swift in Sources */,
				CF084C392594C0E3007A93B4 /* OSLog+categories.swift in Sources */,
				CF084BF6258F9D88007A93B4 /* LocationForecastViewModel.swift in Sources */,
				CF084C3E2594E235007A93B4 /* ErrorView.swift in Sources */,
			);
			runOnlyForDeploymentPostprocessing = 0;
		};
/* End PBXSourcesBuildPhase section */

/* Begin PBXVariantGroup section */
		CF8828BD2595062600CC30A3 /* LaunchScreen.storyboard */ = {
			isa = PBXVariantGroup;
			children = (
				CF8828BE2595062600CC30A3 /* Base */,
			);
			name = LaunchScreen.storyboard;
			sourceTree = "<group>";
		};
/* End PBXVariantGroup section */

/* Begin XCBuildConfiguration section */
		CF8828C12595062600CC30A3 /* Debug */ = {
			isa = XCBuildConfiguration;
			buildSettings = {
				ALWAYS_SEARCH_USER_PATHS = NO;
				CLANG_ANALYZER_NONNULL = YES;
				CLANG_ANALYZER_NUMBER_OBJECT_CONVERSION = YES_AGGRESSIVE;
				CLANG_CXX_LANGUAGE_STANDARD = "gnu++14";
				CLANG_CXX_LIBRARY = "libc++";
				CLANG_ENABLE_MODULES = YES;
				CLANG_ENABLE_OBJC_ARC = YES;
				CLANG_ENABLE_OBJC_WEAK = YES;
				CLANG_WARN_BLOCK_CAPTURE_AUTORELEASING = YES;
				CLANG_WARN_BOOL_CONVERSION = YES;
				CLANG_WARN_COMMA = YES;
				CLANG_WARN_CONSTANT_CONVERSION = YES;
				CLANG_WARN_DEPRECATED_OBJC_IMPLEMENTATIONS = YES;
				CLANG_WARN_DIRECT_OBJC_ISA_USAGE = YES_ERROR;
				CLANG_WARN_DOCUMENTATION_COMMENTS = YES;
				CLANG_WARN_EMPTY_BODY = YES;
				CLANG_WARN_ENUM_CONVERSION = YES;
				CLANG_WARN_INFINITE_RECURSION = YES;
				CLANG_WARN_INT_CONVERSION = YES;
				CLANG_WARN_NON_LITERAL_NULL_CONVERSION = YES;
				CLANG_WARN_OBJC_IMPLICIT_RETAIN_SELF = YES;
				CLANG_WARN_OBJC_LITERAL_CONVERSION = YES;
				CLANG_WARN_OBJC_ROOT_CLASS = YES_ERROR;
				CLANG_WARN_QUOTED_INCLUDE_IN_FRAMEWORK_HEADER = YES;
				CLANG_WARN_RANGE_LOOP_ANALYSIS = YES;
				CLANG_WARN_STRICT_PROTOTYPES = YES;
				CLANG_WARN_SUSPICIOUS_MOVE = YES;
				CLANG_WARN_UNGUARDED_AVAILABILITY = YES_AGGRESSIVE;
				CLANG_WARN_UNREACHABLE_CODE = YES;
				CLANG_WARN__DUPLICATE_METHOD_MATCH = YES;
				COPY_PHASE_STRIP = NO;
				DEBUG_INFORMATION_FORMAT = dwarf;
				ENABLE_STRICT_OBJC_MSGSEND = YES;
				ENABLE_TESTABILITY = YES;
				GCC_C_LANGUAGE_STANDARD = gnu11;
				GCC_DYNAMIC_NO_PIC = NO;
				GCC_NO_COMMON_BLOCKS = YES;
				GCC_OPTIMIZATION_LEVEL = 0;
				GCC_PREPROCESSOR_DEFINITIONS = (
					"DEBUG=1",
					"$(inherited)",
				);
				GCC_WARN_64_TO_32_BIT_CONVERSION = YES;
				GCC_WARN_ABOUT_RETURN_TYPE = YES_ERROR;
				GCC_WARN_UNDECLARED_SELECTOR = YES;
				GCC_WARN_UNINITIALIZED_AUTOS = YES_AGGRESSIVE;
				GCC_WARN_UNUSED_FUNCTION = YES;
				GCC_WARN_UNUSED_VARIABLE = YES;
				IPHONEOS_DEPLOYMENT_TARGET = 13.6;
				MTL_ENABLE_DEBUG_INFO = INCLUDE_SOURCE;
				MTL_FAST_MATH = YES;
				ONLY_ACTIVE_ARCH = YES;
				SDKROOT = iphoneos;
				SWIFT_ACTIVE_COMPILATION_CONDITIONS = DEBUG;
				SWIFT_OPTIMIZATION_LEVEL = "-Onone";
			};
			name = Debug;
		};
		CF8828C22595062600CC30A3 /* Release */ = {
			isa = XCBuildConfiguration;
			buildSettings = {
				ALWAYS_SEARCH_USER_PATHS = NO;
				CLANG_ANALYZER_NONNULL = YES;
				CLANG_ANALYZER_NUMBER_OBJECT_CONVERSION = YES_AGGRESSIVE;
				CLANG_CXX_LANGUAGE_STANDARD = "gnu++14";
				CLANG_CXX_LIBRARY = "libc++";
				CLANG_ENABLE_MODULES = YES;
				CLANG_ENABLE_OBJC_ARC = YES;
				CLANG_ENABLE_OBJC_WEAK = YES;
				CLANG_WARN_BLOCK_CAPTURE_AUTORELEASING = YES;
				CLANG_WARN_BOOL_CONVERSION = YES;
				CLANG_WARN_COMMA = YES;
				CLANG_WARN_CONSTANT_CONVERSION = YES;
				CLANG_WARN_DEPRECATED_OBJC_IMPLEMENTATIONS = YES;
				CLANG_WARN_DIRECT_OBJC_ISA_USAGE = YES_ERROR;
				CLANG_WARN_DOCUMENTATION_COMMENTS = YES;
				CLANG_WARN_EMPTY_BODY = YES;
				CLANG_WARN_ENUM_CONVERSION = YES;
				CLANG_WARN_INFINITE_RECURSION = YES;
				CLANG_WARN_INT_CONVERSION = YES;
				CLANG_WARN_NON_LITERAL_NULL_CONVERSION = YES;
				CLANG_WARN_OBJC_IMPLICIT_RETAIN_SELF = YES;
				CLANG_WARN_OBJC_LITERAL_CONVERSION = YES;
				CLANG_WARN_OBJC_ROOT_CLASS = YES_ERROR;
				CLANG_WARN_QUOTED_INCLUDE_IN_FRAMEWORK_HEADER = YES;
				CLANG_WARN_RANGE_LOOP_ANALYSIS = YES;
				CLANG_WARN_STRICT_PROTOTYPES = YES;
				CLANG_WARN_SUSPICIOUS_MOVE = YES;
				CLANG_WARN_UNGUARDED_AVAILABILITY = YES_AGGRESSIVE;
				CLANG_WARN_UNREACHABLE_CODE = YES;
				CLANG_WARN__DUPLICATE_METHOD_MATCH = YES;
				COPY_PHASE_STRIP = NO;
				DEBUG_INFORMATION_FORMAT = "dwarf-with-dsym";
				ENABLE_NS_ASSERTIONS = NO;
				ENABLE_STRICT_OBJC_MSGSEND = YES;
				GCC_C_LANGUAGE_STANDARD = gnu11;
				GCC_NO_COMMON_BLOCKS = YES;
				GCC_WARN_64_TO_32_BIT_CONVERSION = YES;
				GCC_WARN_ABOUT_RETURN_TYPE = YES_ERROR;
				GCC_WARN_UNDECLARED_SELECTOR = YES;
				GCC_WARN_UNINITIALIZED_AUTOS = YES_AGGRESSIVE;
				GCC_WARN_UNUSED_FUNCTION = YES;
				GCC_WARN_UNUSED_VARIABLE = YES;
				IPHONEOS_DEPLOYMENT_TARGET = 13.6;
				MTL_ENABLE_DEBUG_INFO = NO;
				MTL_FAST_MATH = YES;
				SDKROOT = iphoneos;
				SWIFT_COMPILATION_MODE = wholemodule;
				SWIFT_OPTIMIZATION_LEVEL = "-O";
				VALIDATE_PRODUCT = YES;
			};
			name = Release;
		};
		CF8828C42595062600CC30A3 /* Debug */ = {
			isa = XCBuildConfiguration;
			buildSettings = {
				ASSETCATALOG_COMPILER_APPICON_NAME = AppIcon;
				ASSETCATALOG_COMPILER_GLOBAL_ACCENT_COLOR_NAME = AccentColor;
				CODE_SIGN_STYLE = Automatic;
				DEVELOPMENT_ASSET_PATHS = "\"WeatherForecast/Preview Content\"";
				ENABLE_PREVIEWS = YES;
				INFOPLIST_FILE = WeatherForecast/Info.plist;
				LD_RUNPATH_SEARCH_PATHS = (
					"$(inherited)",
					"@executable_path/Frameworks",
				);
				PRODUCT_BUNDLE_IDENTIFIER = com.danskeel.WeatherForecast;
				PRODUCT_NAME = "$(TARGET_NAME)";
				SWIFT_VERSION = 5.0;
				TARGETED_DEVICE_FAMILY = "1,2";
			};
			name = Debug;
		};
		CF8828C52595062600CC30A3 /* Release */ = {
			isa = XCBuildConfiguration;
			buildSettings = {
				ASSETCATALOG_COMPILER_APPICON_NAME = AppIcon;
				ASSETCATALOG_COMPILER_GLOBAL_ACCENT_COLOR_NAME = AccentColor;
				CODE_SIGN_STYLE = Automatic;
				DEVELOPMENT_ASSET_PATHS = "\"WeatherForecast/Preview Content\"";
				ENABLE_PREVIEWS = YES;
				INFOPLIST_FILE = WeatherForecast/Info.plist;
				LD_RUNPATH_SEARCH_PATHS = (
					"$(inherited)",
					"@executable_path/Frameworks",
				);
				PRODUCT_BUNDLE_IDENTIFIER = com.danskeel.WeatherForecast;
				PRODUCT_NAME = "$(TARGET_NAME)";
				SWIFT_VERSION = 5.0;
				TARGETED_DEVICE_FAMILY = "1,2";
			};
			name = Release;
		};
/* End XCBuildConfiguration section */

/* Begin XCConfigurationList section */
		CF8828AA2595062500CC30A3 /* Build configuration list for PBXProject "WeatherForecast" */ = {
			isa = XCConfigurationList;
			buildConfigurations = (
				CF8828C12595062600CC30A3 /* Debug */,
				CF8828C22595062600CC30A3 /* Release */,
			);
			defaultConfigurationIsVisible = 0;
			defaultConfigurationName = Release;
		};
		CF8828C32595062600CC30A3 /* Build configuration list for PBXNativeTarget "WeatherForecast" */ = {
			isa = XCConfigurationList;
			buildConfigurations = (
				CF8828C42595062600CC30A3 /* Debug */,
				CF8828C52595062600CC30A3 /* Release */,
			);
			defaultConfigurationIsVisible = 0;
			defaultConfigurationName = Release;
		};
/* End XCConfigurationList section */
	};
	rootObject = CF8828A72595062500CC30A3 /* Project object */;
}
